
Microsoft Visual Studio Solution File, Format Version 12.00
# Visual Studio Version 17
VisualStudioVersion = 17.1.32210.238
MinimumVisualStudioVersion = 10.0.40219.1
Project("{9A19103F-16F7-4668-BE54-9A1E7A4F7556}") = "Kooboo.Web", "Kooboo.Web\Kooboo.Web.csproj", "{676A1305-8B53-4FCE-A489-DBEC4B5EF539}"
EndProject
Project("{9A19103F-16F7-4668-BE54-9A1E7A4F7556}") = "Kooboo.IndexedDB", "Kooboo.IndexedDB\Kooboo.IndexedDB.csproj", "{D9E6C6EF-2480-46F5-BB81-D21B8456075A}"
EndProject
Project("{9A19103F-16F7-4668-BE54-9A1E7A4F7556}") = "Kooboo.Dom", "Kooboo.Dom\Kooboo.Dom.csproj", "{83D7B143-E3AB-44DC-B1FE-ADE82E415AAD}"
EndProject
Project("{9A19103F-16F7-4668-BE54-9A1E7A4F7556}") = "Kooboo.Lib", "Kooboo.Lib\Kooboo.Lib.csproj", "{D8996716-DE67-48A3-93D5-B9CA1D2B69DA}"
EndProject
Project("{9A19103F-16F7-4668-BE54-9A1E7A4F7556}") = "Kooboo.Mail", "Kooboo.Mail\Kooboo.Mail.csproj", "{6FD5D24D-1BC3-487B-B62D-388C7091231E}"
EndProject
Project("{9A19103F-16F7-4668-BE54-9A1E7A4F7556}") = "Kooboo.Render", "Kooboo.Render\Kooboo.Render.csproj", "{8D9BEA84-1B86-491B-A457-EEB4369A243C}"
EndProject
Project("{9A19103F-16F7-4668-BE54-9A1E7A4F7556}") = "Kooboo.Api", "Kooboo.Api\Kooboo.Api.csproj", "{964F25FD-7257-4E6D-8652-9DF77CDB6337}"
EndProject
Project("{9A19103F-16F7-4668-BE54-9A1E7A4F7556}") = "Kooboo.Search", "Kooboo.Search\Kooboo.Search.csproj", "{9833E83F-1AA7-42A2-A55E-543E56558D49}"
EndProject
Global
	GlobalSection(SolutionConfigurationPlatforms) = preSolution
		Debug|Any CPU = Debug|Any CPU
		Release|Any CPU = Release|Any CPU
	EndGlobalSection
	GlobalSection(ProjectConfigurationPlatforms) = postSolution
		{676A1305-8B53-4FCE-A489-DBEC4B5EF539}.Debug|Any CPU.ActiveCfg = Debug|Any CPU
		{676A1305-8B53-4FCE-A489-DBEC4B5EF539}.Debug|Any CPU.Build.0 = Debug|Any CPU
		{676A1305-8B53-4FCE-A489-DBEC4B5EF539}.Release|Any CPU.ActiveCfg = Release|Any CPU
		{676A1305-8B53-4FCE-A489-DBEC4B5EF539}.Release|Any CPU.Build.0 = Release|Any CPU
		{D9E6C6EF-2480-46F5-BB81-D21B8456075A}.Debug|Any CPU.ActiveCfg = Debug|Any CPU
		{D9E6C6EF-2480-46F5-BB81-D21B8456075A}.Debug|Any CPU.Build.0 = Debug|Any CPU
		{D9E6C6EF-2480-46F5-BB81-D21B8456075A}.Release|Any CPU.ActiveCfg = Release|Any CPU
		{D9E6C6EF-2480-46F5-BB81-D21B8456075A}.Release|Any CPU.Build.0 = Release|Any CPU
		{83D7B143-E3AB-44DC-B1FE-ADE82E415AAD}.Debug|Any CPU.ActiveCfg = Debug|Any CPU
		{83D7B143-E3AB-44DC-B1FE-ADE82E415AAD}.Debug|Any CPU.Build.0 = Debug|Any CPU
		{83D7B143-E3AB-44DC-B1FE-ADE82E415AAD}.Release|Any CPU.ActiveCfg = Release|Any CPU
		{83D7B143-E3AB-44DC-B1FE-ADE82E415AAD}.Release|Any CPU.Build.0 = Release|Any CPU
		{D8996716-DE67-48A3-93D5-B9CA1D2B69DA}.Debug|Any CPU.ActiveCfg = Debug|Any CPU
		{D8996716-DE67-48A3-93D5-B9CA1D2B69DA}.Debug|Any CPU.Build.0 = Debug|Any CPU
		{D8996716-DE67-48A3-93D5-B9CA1D2B69DA}.Release|Any CPU.ActiveCfg = Release|Any CPU
		{D8996716-DE67-48A3-93D5-B9CA1D2B69DA}.Release|Any CPU.Build.0 = Release|Any CPU
		{6FD5D24D-1BC3-487B-B62D-388C7091231E}.Debug|Any CPU.ActiveCfg = Debug|Any CPU
		{6FD5D24D-1BC3-487B-B62D-388C7091231E}.Debug|Any CPU.Build.0 = Debug|Any CPU
		{6FD5D24D-1BC3-487B-B62D-388C7091231E}.Release|Any CPU.ActiveCfg = Release|Any CPU
		{6FD5D24D-1BC3-487B-B62D-388C7091231E}.Release|Any CPU.Build.0 = Release|Any CPU
		{8D9BEA84-1B86-491B-A457-EEB4369A243C}.Debug|Any CPU.ActiveCfg = Debug|Any CPU
		{8D9BEA84-1B86-491B-A457-EEB4369A243C}.Debug|Any CPU.Build.0 = Debug|Any CPU
		{8D9BEA84-1B86-491B-A457-EEB4369A243C}.Release|Any CPU.ActiveCfg = Release|Any CPU
		{8D9BEA84-1B86-491B-A457-EEB4369A243C}.Release|Any CPU.Build.0 = Release|Any CPU
		{964F25FD-7257-4E6D-8652-9DF77CDB6337}.Debug|Any CPU.ActiveCfg = Debug|Any CPU
		{964F25FD-7257-4E6D-8652-9DF77CDB6337}.Debug|Any CPU.Build.0 = Debug|Any CPU
		{964F25FD-7257-4E6D-8652-9DF77CDB6337}.Release|Any CPU.ActiveCfg = Release|Any CPU
		{964F25FD-7257-4E6D-8652-9DF77CDB6337}.Release|Any CPU.Build.0 = Release|Any CPU
		{9833E83F-1AA7-42A2-A55E-543E56558D49}.Debug|Any CPU.ActiveCfg = Debug|Any CPU
		{9833E83F-1AA7-42A2-A55E-543E56558D49}.Debug|Any CPU.Build.0 = Debug|Any CPU
		{9833E83F-1AA7-42A2-A55E-543E56558D49}.Release|Any CPU.ActiveCfg = Release|Any CPU
		{9833E83F-1AA7-42A2-A55E-543E56558D49}.Release|Any CPU.Build.0 = Release|Any CPU
	EndGlobalSection
	GlobalSection(SolutionProperties) = preSolution
		HideSolutionNode = FALSE
	EndGlobalSection
	GlobalSection(ExtensibilityGlobals) = postSolution
		SolutionGuid = {DE535244-B900-4648-92A0-02D6F63BABDD}
	EndGlobalSection
EndGlobal
