
Microsoft Visual Studio Solution File, Format Version 12.00
# Visual Studio 15
VisualStudioVersion = 15.0.27130.2024
MinimumVisualStudioVersion = 10.0.40219.1
Project("{9A19103F-16F7-4668-BE54-9A1E7A4F7556}") = "Kooboo.Web.CrossPlatform", "Kooboo.Web\Kooboo.Web.CrossPlatform.csproj", "{AABA3ACE-C03D-4756-86F1-190003A3047C}"
EndProject
Project("{9A19103F-16F7-4668-BE54-9A1E7A4F7556}") = "Kooboo.Sites.CrossPlatform", "Kooboo.Sites\Kooboo.Sites.CrossPlatform.csproj", "{0B8D31D8-C3CF-41A7-874E-0FE61A60B99F}"
EndProject
Project("{FAE04EC0-301F-11D3-BF4B-00C04F79EFBC}") = "Kooboo.Upgrade", "Kooboo.Upgrade\Kooboo.Upgrade.csproj", "{FC69A5A6-DDD6-4323-AC6F-5885E7FB1572}"
EndProject
Project("{9A19103F-16F7-4668-BE54-9A1E7A4F7556}") = "Kooboo.Search.CrossPlatform", "Kooboo.Search\Kooboo.Search.CrossPlatform.csproj", "{05C30939-A508-48FB-98AB-644894D6C54D}"
EndProject
Project("{9A19103F-16F7-4668-BE54-9A1E7A4F7556}") = "Kooboo.Render.CrossPlatform", "Kooboo.Render\Kooboo.Render.CrossPlatform.csproj", "{CF339347-66F2-47CB-BA75-E5A9876DDB7C}"
EndProject
Project("{9A19103F-16F7-4668-BE54-9A1E7A4F7556}") = "Kooboo.Mail.CrossPlatform", "Kooboo.Mail\Kooboo.Mail.CrossPlatform.csproj", "{510A0D0F-3A80-4625-B89B-B8302751F7F0}"
EndProject
Project("{9A19103F-16F7-4668-BE54-9A1E7A4F7556}") = "Kooboo.Lib.CrossPlatform", "Kooboo.Lib\Kooboo.Lib.CrossPlatform.csproj", "{C5A5380B-F7CA-431C-878C-6AA4ED3EE59B}"
EndProject
Project("{9A19103F-16F7-4668-BE54-9A1E7A4F7556}") = "Kooboo.IndexedDB.CrossPlatform", "Kooboo.IndexedDB\Kooboo.IndexedDB.CrossPlatform.csproj", "{26517D1A-F80C-4766-9C0C-6FAE6342A519}"
EndProject
Project("{9A19103F-16F7-4668-BE54-9A1E7A4F7556}") = "Kooboo.HttpServer.CrossPlatform", "Kooboo.HttpServer\src\Kooboo.HttpServer\Kooboo.HttpServer.CrossPlatform.csproj", "{D9997E67-A460-43DE-A442-1D4DF6FBA894}"
EndProject
Project("{9A19103F-16F7-4668-BE54-9A1E7A4F7556}") = "Kooboo.Engines.CrossPlatform", "Kooboo.Engines\Kooboo.Engines.CrossPlatform.csproj", "{348333C8-9263-43C2-AF8E-88E264CDFDDE}"
EndProject
Project("{9A19103F-16F7-4668-BE54-9A1E7A4F7556}") = "Kooboo.Dom.CrossPlatform", "Kooboo.Dom\Kooboo.Dom.CrossPlatform.csproj", "{0DD4B462-D382-493E-81FB-A5EB71FF7F09}"
EndProject
Project("{9A19103F-16F7-4668-BE54-9A1E7A4F7556}") = "Kooboo.Data.CrossPlatform", "Kooboo.Data\Kooboo.Data.CrossPlatform.csproj", "{23BB66CE-7093-4B56-A9B2-B18B73FB532A}"
EndProject
Project("{9A19103F-16F7-4668-BE54-9A1E7A4F7556}") = "Kooboo.Api.CrossPlatform", "Kooboo.Api\Kooboo.Api.CrossPlatform.csproj", "{23C30F8B-9475-49E4-8450-76A0D800B49D}"
EndProject
Project("{9A19103F-16F7-4668-BE54-9A1E7A4F7556}") = "Kooboo.App.CrossPlatform", "..\Kooboo.App.CrossPlatform\Kooboo.App.CrossPlatform.csproj", "{61E461EC-C232-472E-906D-ED8D6C8AEABA}"
EndProject
Global
	GlobalSection(SolutionConfigurationPlatforms) = preSolution
		Debug|Any CPU = Debug|Any CPU
		Release|Any CPU = Release|Any CPU
		Server|Any CPU = Server|Any CPU
	EndGlobalSection
	GlobalSection(ProjectConfigurationPlatforms) = postSolution
		{AABA3ACE-C03D-4756-86F1-190003A3047C}.Debug|Any CPU.ActiveCfg = Debug|Any CPU
		{AABA3ACE-C03D-4756-86F1-190003A3047C}.Debug|Any CPU.Build.0 = Debug|Any CPU
		{AABA3ACE-C03D-4756-86F1-190003A3047C}.Release|Any CPU.ActiveCfg = Release|Any CPU
		{AABA3ACE-C03D-4756-86F1-190003A3047C}.Release|Any CPU.Build.0 = Release|Any CPU
		{AABA3ACE-C03D-4756-86F1-190003A3047C}.Server|Any CPU.ActiveCfg = Debug|Any CPU
		{AABA3ACE-C03D-4756-86F1-190003A3047C}.Server|Any CPU.Build.0 = Debug|Any CPU
		{0B8D31D8-C3CF-41A7-874E-0FE61A60B99F}.Debug|Any CPU.ActiveCfg = Debug|Any CPU
		{0B8D31D8-C3CF-41A7-874E-0FE61A60B99F}.Debug|Any CPU.Build.0 = Debug|Any CPU
		{0B8D31D8-C3CF-41A7-874E-0FE61A60B99F}.Release|Any CPU.ActiveCfg = Release|Any CPU
		{0B8D31D8-C3CF-41A7-874E-0FE61A60B99F}.Release|Any CPU.Build.0 = Release|Any CPU
		{0B8D31D8-C3CF-41A7-874E-0FE61A60B99F}.Server|Any CPU.ActiveCfg = Debug|Any CPU
		{0B8D31D8-C3CF-41A7-874E-0FE61A60B99F}.Server|Any CPU.Build.0 = Debug|Any CPU
		{FC69A5A6-DDD6-4323-AC6F-5885E7FB1572}.Debug|Any CPU.ActiveCfg = Debug|Any CPU
		{FC69A5A6-DDD6-4323-AC6F-5885E7FB1572}.Debug|Any CPU.Build.0 = Debug|Any CPU
		{FC69A5A6-DDD6-4323-AC6F-5885E7FB1572}.Release|Any CPU.ActiveCfg = Release|Any CPU
		{FC69A5A6-DDD6-4323-AC6F-5885E7FB1572}.Release|Any CPU.Build.0 = Release|Any CPU
		{FC69A5A6-DDD6-4323-AC6F-5885E7FB1572}.Server|Any CPU.ActiveCfg = Server|Any CPU
		{FC69A5A6-DDD6-4323-AC6F-5885E7FB1572}.Server|Any CPU.Build.0 = Server|Any CPU
		{05C30939-A508-48FB-98AB-644894D6C54D}.Debug|Any CPU.ActiveCfg = Debug|Any CPU
		{05C30939-A508-48FB-98AB-644894D6C54D}.Debug|Any CPU.Build.0 = Debug|Any CPU
		{05C30939-A508-48FB-98AB-644894D6C54D}.Release|Any CPU.ActiveCfg = Release|Any CPU
		{05C30939-A508-48FB-98AB-644894D6C54D}.Release|Any CPU.Build.0 = Release|Any CPU
		{05C30939-A508-48FB-98AB-644894D6C54D}.Server|Any CPU.ActiveCfg = Debug|Any CPU
		{05C30939-A508-48FB-98AB-644894D6C54D}.Server|Any CPU.Build.0 = Debug|Any CPU
		{CF339347-66F2-47CB-BA75-E5A9876DDB7C}.Debug|Any CPU.ActiveCfg = Debug|Any CPU
		{CF339347-66F2-47CB-BA75-E5A9876DDB7C}.Debug|Any CPU.Build.0 = Debug|Any CPU
		{CF339347-66F2-47CB-BA75-E5A9876DDB7C}.Release|Any CPU.ActiveCfg = Release|Any CPU
		{CF339347-66F2-47CB-BA75-E5A9876DDB7C}.Release|Any CPU.Build.0 = Release|Any CPU
		{CF339347-66F2-47CB-BA75-E5A9876DDB7C}.Server|Any CPU.ActiveCfg = Debug|Any CPU
		{CF339347-66F2-47CB-BA75-E5A9876DDB7C}.Server|Any CPU.Build.0 = Debug|Any CPU
		{510A0D0F-3A80-4625-B89B-B8302751F7F0}.Debug|Any CPU.ActiveCfg = Debug|Any CPU
		{510A0D0F-3A80-4625-B89B-B8302751F7F0}.Debug|Any CPU.Build.0 = Debug|Any CPU
		{510A0D0F-3A80-4625-B89B-B8302751F7F0}.Release|Any CPU.ActiveCfg = Release|Any CPU
		{510A0D0F-3A80-4625-B89B-B8302751F7F0}.Release|Any CPU.Build.0 = Release|Any CPU
		{510A0D0F-3A80-4625-B89B-B8302751F7F0}.Server|Any CPU.ActiveCfg = Debug|Any CPU
		{510A0D0F-3A80-4625-B89B-B8302751F7F0}.Server|Any CPU.Build.0 = Debug|Any CPU
		{C5A5380B-F7CA-431C-878C-6AA4ED3EE59B}.Debug|Any CPU.ActiveCfg = Debug|Any CPU
		{C5A5380B-F7CA-431C-878C-6AA4ED3EE59B}.Debug|Any CPU.Build.0 = Debug|Any CPU
		{C5A5380B-F7CA-431C-878C-6AA4ED3EE59B}.Release|Any CPU.ActiveCfg = Release|Any CPU
		{C5A5380B-F7CA-431C-878C-6AA4ED3EE59B}.Release|Any CPU.Build.0 = Release|Any CPU
		{C5A5380B-F7CA-431C-878C-6AA4ED3EE59B}.Server|Any CPU.ActiveCfg = Debug|Any CPU
		{C5A5380B-F7CA-431C-878C-6AA4ED3EE59B}.Server|Any CPU.Build.0 = Debug|Any CPU
		{26517D1A-F80C-4766-9C0C-6FAE6342A519}.Debug|Any CPU.ActiveCfg = Debug|Any CPU
		{26517D1A-F80C-4766-9C0C-6FAE6342A519}.Debug|Any CPU.Build.0 = Debug|Any CPU
		{26517D1A-F80C-4766-9C0C-6FAE6342A519}.Release|Any CPU.ActiveCfg = Release|Any CPU
		{26517D1A-F80C-4766-9C0C-6FAE6342A519}.Release|Any CPU.Build.0 = Release|Any CPU
		{26517D1A-F80C-4766-9C0C-6FAE6342A519}.Server|Any CPU.ActiveCfg = Debug|Any CPU
		{26517D1A-F80C-4766-9C0C-6FAE6342A519}.Server|Any CPU.Build.0 = Debug|Any CPU
		{D9997E67-A460-43DE-A442-1D4DF6FBA894}.Debug|Any CPU.ActiveCfg = Debug|Any CPU
		{D9997E67-A460-43DE-A442-1D4DF6FBA894}.Debug|Any CPU.Build.0 = Debug|Any CPU
		{D9997E67-A460-43DE-A442-1D4DF6FBA894}.Release|Any CPU.ActiveCfg = Release|Any CPU
		{D9997E67-A460-43DE-A442-1D4DF6FBA894}.Release|Any CPU.Build.0 = Release|Any CPU
		{D9997E67-A460-43DE-A442-1D4DF6FBA894}.Server|Any CPU.ActiveCfg = Debug|Any CPU
		{D9997E67-A460-43DE-A442-1D4DF6FBA894}.Server|Any CPU.Build.0 = Debug|Any CPU
		{348333C8-9263-43C2-AF8E-88E264CDFDDE}.Debug|Any CPU.ActiveCfg = Debug|Any CPU
		{348333C8-9263-43C2-AF8E-88E264CDFDDE}.Debug|Any CPU.Build.0 = Debug|Any CPU
		{348333C8-9263-43C2-AF8E-88E264CDFDDE}.Release|Any CPU.ActiveCfg = Release|Any CPU
		{348333C8-9263-43C2-AF8E-88E264CDFDDE}.Release|Any CPU.Build.0 = Release|Any CPU
		{348333C8-9263-43C2-AF8E-88E264CDFDDE}.Server|Any CPU.ActiveCfg = Debug|Any CPU
		{348333C8-9263-43C2-AF8E-88E264CDFDDE}.Server|Any CPU.Build.0 = Debug|Any CPU
		{0DD4B462-D382-493E-81FB-A5EB71FF7F09}.Debug|Any CPU.ActiveCfg = Debug|Any CPU
		{0DD4B462-D382-493E-81FB-A5EB71FF7F09}.Debug|Any CPU.Build.0 = Debug|Any CPU
		{0DD4B462-D382-493E-81FB-A5EB71FF7F09}.Release|Any CPU.ActiveCfg = Release|Any CPU
		{0DD4B462-D382-493E-81FB-A5EB71FF7F09}.Release|Any CPU.Build.0 = Release|Any CPU
		{0DD4B462-D382-493E-81FB-A5EB71FF7F09}.Server|Any CPU.ActiveCfg = Debug|Any CPU
		{0DD4B462-D382-493E-81FB-A5EB71FF7F09}.Server|Any CPU.Build.0 = Debug|Any CPU
		{23BB66CE-7093-4B56-A9B2-B18B73FB532A}.Debug|Any CPU.ActiveCfg = Debug|Any CPU
		{23BB66CE-7093-4B56-A9B2-B18B73FB532A}.Debug|Any CPU.Build.0 = Debug|Any CPU
		{23BB66CE-7093-4B56-A9B2-B18B73FB532A}.Release|Any CPU.ActiveCfg = Release|Any CPU
		{23BB66CE-7093-4B56-A9B2-B18B73FB532A}.Release|Any CPU.Build.0 = Release|Any CPU
		{23BB66CE-7093-4B56-A9B2-B18B73FB532A}.Server|Any CPU.ActiveCfg = Debug|Any CPU
		{23BB66CE-7093-4B56-A9B2-B18B73FB532A}.Server|Any CPU.Build.0 = Debug|Any CPU
		{23C30F8B-9475-49E4-8450-76A0D800B49D}.Debug|Any CPU.ActiveCfg = Debug|Any CPU
		{23C30F8B-9475-49E4-8450-76A0D800B49D}.Debug|Any CPU.Build.0 = Debug|Any CPU
		{23C30F8B-9475-49E4-8450-76A0D800B49D}.Release|Any CPU.ActiveCfg = Release|Any CPU
		{23C30F8B-9475-49E4-8450-76A0D800B49D}.Release|Any CPU.Build.0 = Release|Any CPU
		{23C30F8B-9475-49E4-8450-76A0D800B49D}.Server|Any CPU.ActiveCfg = Debug|Any CPU
		{23C30F8B-9475-49E4-8450-76A0D800B49D}.Server|Any CPU.Build.0 = Debug|Any CPU
		{61E461EC-C232-472E-906D-ED8D6C8AEABA}.Debug|Any CPU.ActiveCfg = Debug|Any CPU
		{61E461EC-C232-472E-906D-ED8D6C8AEABA}.Debug|Any CPU.Build.0 = Debug|Any CPU
		{61E461EC-C232-472E-906D-ED8D6C8AEABA}.Release|Any CPU.ActiveCfg = Release|Any CPU
		{61E461EC-C232-472E-906D-ED8D6C8AEABA}.Release|Any CPU.Build.0 = Release|Any CPU
		{61E461EC-C232-472E-906D-ED8D6C8AEABA}.Server|Any CPU.ActiveCfg = Debug|Any CPU
		{61E461EC-C232-472E-906D-ED8D6C8AEABA}.Server|Any CPU.Build.0 = Debug|Any CPU
	EndGlobalSection
	GlobalSection(SolutionProperties) = preSolution
		HideSolutionNode = FALSE
	EndGlobalSection
	GlobalSection(ExtensibilityGlobals) = postSolution
		SolutionGuid = {DE535244-B900-4648-92A0-02D6F63BABDD}
	EndGlobalSection
EndGlobal
