
Microsoft Visual Studio Solution File, Format Version 12.00
# Visual Studio 15
VisualStudioVersion = 15.0.27130.2027
MinimumVisualStudioVersion = 10.0.40219.1
Project("{FAE04EC0-301F-11D3-BF4B-00C04F79EFBC}") = "Kooboo.HttpServer", "src\Kooboo.HttpServer\Kooboo.HttpServer.csproj", "{A7705D34-5372-412B-ADC1-DC69082FE14F}"
EndProject
Project("{FAE04EC0-301F-11D3-BF4B-00C04F79EFBC}") = "ConsoleApp1", "tests\ConsoleApp1\ConsoleApp1.csproj", "{210E13C4-2E98-40D5-9FA6-49152FCBE5AE}"
EndProject
Project("{2150E333-8FDC-42A3-9474-1A3956D46DE8}") = "src", "src", "{0DA21D45-ECEF-4C60-81A7-9F52B9E0AC38}"
EndProject
Project("{2150E333-8FDC-42A3-9474-1A3956D46DE8}") = "tests", "tests", "{33084F2D-F400-4CBD-83D0-795223688A8C}"
EndProject
Global
	GlobalSection(SolutionConfigurationPlatforms) = preSolution
		Debug|Any CPU = Debug|Any CPU
		Release|Any CPU = Release|Any CPU
	EndGlobalSection
	GlobalSection(ProjectConfigurationPlatforms) = postSolution
		{A7705D34-5372-412B-ADC1-DC69082FE14F}.Debug|Any CPU.ActiveCfg = Debug|Any CPU
		{A7705D34-5372-412B-ADC1-DC69082FE14F}.Debug|Any CPU.Build.0 = Debug|Any CPU
		{A7705D34-5372-412B-ADC1-DC69082FE14F}.Release|Any CPU.ActiveCfg = Release|Any CPU
		{A7705D34-5372-412B-ADC1-DC69082FE14F}.Release|Any CPU.Build.0 = Release|Any CPU
		{210E13C4-2E98-40D5-9FA6-49152FCBE5AE}.Debug|Any CPU.ActiveCfg = Debug|Any CPU
		{210E13C4-2E98-40D5-9FA6-49152FCBE5AE}.Debug|Any CPU.Build.0 = Debug|Any CPU
		{210E13C4-2E98-40D5-9FA6-49152FCBE5AE}.Release|Any CPU.ActiveCfg = Release|Any CPU
		{210E13C4-2E98-40D5-9FA6-49152FCBE5AE}.Release|Any CPU.Build.0 = Release|Any CPU
	EndGlobalSection
	GlobalSection(SolutionProperties) = preSolution
		HideSolutionNode = FALSE
	EndGlobalSection
	GlobalSection(NestedProjects) = preSolution
		{A7705D34-5372-412B-ADC1-DC69082FE14F} = {0DA21D45-ECEF-4C60-81A7-9F52B9E0AC38}
		{210E13C4-2E98-40D5-9FA6-49152FCBE5AE} = {33084F2D-F400-4CBD-83D0-795223688A8C}
	EndGlobalSection
	GlobalSection(ExtensibilityGlobals) = postSolution
		SolutionGuid = {1155D1A2-1D44-463E-9308-DF89CCC21674}
	EndGlobalSection
EndGlobal
