
Microsoft Visual Studio Solution File, Format Version 12.00
# Visual Studio 15
VisualStudioVersion = 15.0.27130.2024
MinimumVisualStudioVersion = 10.0.40219.1
Project("{FAE04EC0-301F-11D3-BF4B-00C04F79EFBC}") = "KestrelWebTest", "..\KestrelWebTest\KestrelWebTest\KestrelWebTest.csproj", "{DC90411F-5BA9-4DCF-97E2-706D0FA9D63C}"
EndProject
Global
	GlobalSection(SolutionConfigurationPlatforms) = preSolution
		Debug|Any CPU = Debug|Any CPU
		Release|Any CPU = Release|Any CPU
	EndGlobalSection
	GlobalSection(ProjectConfigurationPlatforms) = postSolution
		{DC90411F-5BA9-4DCF-97E2-706D0FA9D63C}.Debug|Any CPU.ActiveCfg = Debug|Any CPU
		{DC90411F-5BA9-4DCF-97E2-706D0FA9D63C}.Debug|Any CPU.Build.0 = Debug|Any CPU
		{DC90411F-5BA9-4DCF-97E2-706D0FA9D63C}.Release|Any CPU.ActiveCfg = Release|Any CPU
		{DC90411F-5BA9-4DCF-97E2-706D0FA9D63C}.Release|Any CPU.Build.0 = Release|Any CPU
	EndGlobalSection
	GlobalSection(SolutionProperties) = preSolution
		HideSolutionNode = FALSE
	EndGlobalSection
	GlobalSection(ExtensibilityGlobals) = postSolution
		SolutionGuid = {456F5C7D-D189-48F2-9632-B45897CF432A}
	EndGlobalSection
EndGlobal
